
Microsoft Visual Studio Solution File, Format Version 12.00
# Visual Studio Version 17
VisualStudioVersion = 17.0.31903.59
MinimumVisualStudioVersion = 10.0.40219.1
Project("{FAE04EC0-301F-11D3-BF4B-00C04F79EFBC}") = "RetailApp.DataAccess", "RetailApp.DataAccess\RetailApp.DataAccess.csproj", "{BD3F62CF-427E-4B97-BE23-8DFAC23F1384}"
EndProject
Project("{FAE04EC0-301F-11D3-BF4B-00C04F79EFBC}") = "RetailApp.Bussines", "RetailApp.Bussines\RetailApp.Bussines.csproj", "{88C298AE-5BB0-4E1C-80EF-6C6066A2EB16}"
EndProject
Project("{FAE04EC0-301F-11D3-BF4B-00C04F79EFBC}") = "RetailApp.Entities", "RetailApp.Entities\RetailApp.Entities.csproj", "{EC00DA8E-B977-421F-8722-DC2E7D912C8E}"
EndProject
Global
	GlobalSection(SolutionConfigurationPlatforms) = preSolution
		Debug|Any CPU = Debug|Any CPU
		Release|Any CPU = Release|Any CPU
	EndGlobalSection
	GlobalSection(ProjectConfigurationPlatforms) = postSolution
		{BD3F62CF-427E-4B97-BE23-8DFAC23F1384}.Debug|Any CPU.ActiveCfg = Debug|Any CPU
		{BD3F62CF-427E-4B97-BE23-8DFAC23F1384}.Debug|Any CPU.Build.0 = Debug|Any CPU
		{BD3F62CF-427E-4B97-BE23-8DFAC23F1384}.Release|Any CPU.ActiveCfg = Release|Any CPU
		{BD3F62CF-427E-4B97-BE23-8DFAC23F1384}.Release|Any CPU.Build.0 = Release|Any CPU
		{88C298AE-5BB0-4E1C-80EF-6C6066A2EB16}.Debug|Any CPU.ActiveCfg = Debug|Any CPU
		{88C298AE-5BB0-4E1C-80EF-6C6066A2EB16}.Debug|Any CPU.Build.0 = Debug|Any CPU
		{88C298AE-5BB0-4E1C-80EF-6C6066A2EB16}.Release|Any CPU.ActiveCfg = Release|Any CPU
		{88C298AE-5BB0-4E1C-80EF-6C6066A2EB16}.Release|Any CPU.Build.0 = Release|Any CPU
		{EC00DA8E-B977-421F-8722-DC2E7D912C8E}.Debug|Any CPU.ActiveCfg = Debug|Any CPU
		{EC00DA8E-B977-421F-8722-DC2E7D912C8E}.Debug|Any CPU.Build.0 = Debug|Any CPU
		{EC00DA8E-B977-421F-8722-DC2E7D912C8E}.Release|Any CPU.ActiveCfg = Release|Any CPU
		{EC00DA8E-B977-421F-8722-DC2E7D912C8E}.Release|Any CPU.Build.0 = Release|Any CPU
	EndGlobalSection
	GlobalSection(SolutionProperties) = preSolution
		HideSolutionNode = FALSE
	EndGlobalSection
EndGlobal
