
Microsoft Visual Studio Solution File, Format Version 12.00
# Visual Studio Version 17
VisualStudioVersion = 17.5.002.0
MinimumVisualStudioVersion = 10.0.40219.1
Project("{9A19103F-16F7-4668-BE54-9A1E7A4F7556}") = "RetailApp", "RetailApp.csproj", "{CD505822-030A-43AC-98E1-AA5D1E45C08F}"
EndProject
Global
	GlobalSection(SolutionConfigurationPlatforms) = preSolution
		Debug|Any CPU = Debug|Any CPU
		Release|Any CPU = Release|Any CPU
	EndGlobalSection
	GlobalSection(ProjectConfigurationPlatforms) = postSolution
		{CD505822-030A-43AC-98E1-AA5D1E45C08F}.Debug|Any CPU.ActiveCfg = Debug|Any CPU
		{CD505822-030A-43AC-98E1-AA5D1E45C08F}.Debug|Any CPU.Build.0 = Debug|Any CPU
		{CD505822-030A-43AC-98E1-AA5D1E45C08F}.Release|Any CPU.ActiveCfg = Release|Any CPU
		{CD505822-030A-43AC-98E1-AA5D1E45C08F}.Release|Any CPU.Build.0 = Release|Any CPU
	EndGlobalSection
	GlobalSection(SolutionProperties) = preSolution
		HideSolutionNode = FALSE
	EndGlobalSection
	GlobalSection(ExtensibilityGlobals) = postSolution
		SolutionGuid = {54A662FC-A34C-4C5B-8F48-5262170D6C67}
	EndGlobalSection
EndGlobal
